
Microsoft Visual Studio Solution File, Format Version 12.00
# Visual Studio 2013
VisualStudioVersion = 12.0.21113.0
MinimumVisualStudioVersion = 10.0.40219.1
Project("{FAE04EC0-301F-11D3-BF4B-00C04F79EFBC}") = "SpeedCSharp", "SpeedCSharp\SpeedCSharp.csproj", "{B867C358-AFF9-4050-B62F-0F95E346BB0D}"
EndProject
Project("{8BC9CEB8-8B4A-11D0-8D11-00A0C91BC942}") = "Speed", "Speed\Speed.vcxproj", "{CDC0ACCC-6B30-4B91-9839-9CBFE901261E}"
EndProject
Project("{8BC9CEB8-8B4A-11D0-8D11-00A0C91BC942}") = "HelloWorld", "C++ Hello World\HelloWorld.vcxproj", "{179CD86F-0E80-4AF1-AC20-28349DD1157C}"
EndProject
Project("{8BC9CEB8-8B4A-11D0-8D11-00A0C91BC942}") = "BindExample", "BindExample\BindExample.vcxproj", "{A1BBA9C1-EC32-49B1-B10A-DD24E4F35393}"
EndProject
Global
	GlobalSection(SolutionConfigurationPlatforms) = preSolution
		Debug|Any CPU = Debug|Any CPU
		Debug|ARM = Debug|ARM
		Debug|Mixed Platforms = Debug|Mixed Platforms
		Debug|Win32 = Debug|Win32
		Debug|x64 = Debug|x64
		Debug|x86 = Debug|x86
		Release|Any CPU = Release|Any CPU
		Release|ARM = Release|ARM
		Release|Mixed Platforms = Release|Mixed Platforms
		Release|Win32 = Release|Win32
		Release|x64 = Release|x64
		Release|x86 = Release|x86
	EndGlobalSection
	GlobalSection(ProjectConfigurationPlatforms) = postSolution
		{B867C358-AFF9-4050-B62F-0F95E346BB0D}.Debug|Any CPU.ActiveCfg = Debug|Any CPU
		{B867C358-AFF9-4050-B62F-0F95E346BB0D}.Debug|Any CPU.Build.0 = Debug|Any CPU
		{B867C358-AFF9-4050-B62F-0F95E346BB0D}.Debug|Any CPU.Deploy.0 = Debug|Any CPU
		{B867C358-AFF9-4050-B62F-0F95E346BB0D}.Debug|ARM.ActiveCfg = Debug|ARM
		{B867C358-AFF9-4050-B62F-0F95E346BB0D}.Debug|ARM.Build.0 = Debug|ARM
		{B867C358-AFF9-4050-B62F-0F95E346BB0D}.Debug|ARM.Deploy.0 = Debug|ARM
		{B867C358-AFF9-4050-B62F-0F95E346BB0D}.Debug|Mixed Platforms.ActiveCfg = Debug|x86
		{B867C358-AFF9-4050-B62F-0F95E346BB0D}.Debug|Mixed Platforms.Build.0 = Debug|x86
		{B867C358-AFF9-4050-B62F-0F95E346BB0D}.Debug|Mixed Platforms.Deploy.0 = Debug|x86
		{B867C358-AFF9-4050-B62F-0F95E346BB0D}.Debug|Win32.ActiveCfg = Debug|x86
		{B867C358-AFF9-4050-B62F-0F95E346BB0D}.Debug|Win32.Build.0 = Debug|x86
		{B867C358-AFF9-4050-B62F-0F95E346BB0D}.Debug|Win32.Deploy.0 = Debug|x86
		{B867C358-AFF9-4050-B62F-0F95E346BB0D}.Debug|x64.ActiveCfg = Debug|x64
		{B867C358-AFF9-4050-B62F-0F95E346BB0D}.Debug|x64.Build.0 = Debug|x64
		{B867C358-AFF9-4050-B62F-0F95E346BB0D}.Debug|x64.Deploy.0 = Debug|x64
		{B867C358-AFF9-4050-B62F-0F95E346BB0D}.Debug|x86.ActiveCfg = Debug|x86
		{B867C358-AFF9-4050-B62F-0F95E346BB0D}.Debug|x86.Build.0 = Debug|x86
		{B867C358-AFF9-4050-B62F-0F95E346BB0D}.Debug|x86.Deploy.0 = Debug|x86
		{B867C358-AFF9-4050-B62F-0F95E346BB0D}.Release|Any CPU.ActiveCfg = Release|Any CPU
		{B867C358-AFF9-4050-B62F-0F95E346BB0D}.Release|Any CPU.Build.0 = Release|Any CPU
		{B867C358-AFF9-4050-B62F-0F95E346BB0D}.Release|Any CPU.Deploy.0 = Release|Any CPU
		{B867C358-AFF9-4050-B62F-0F95E346BB0D}.Release|ARM.ActiveCfg = Release|ARM
		{B867C358-AFF9-4050-B62F-0F95E346BB0D}.Release|ARM.Build.0 = Release|ARM
		{B867C358-AFF9-4050-B62F-0F95E346BB0D}.Release|ARM.Deploy.0 = Release|ARM
		{B867C358-AFF9-4050-B62F-0F95E346BB0D}.Release|Mixed Platforms.ActiveCfg = Release|x86
		{B867C358-AFF9-4050-B62F-0F95E346BB0D}.Release|Mixed Platforms.Build.0 = Release|x86
		{B867C358-AFF9-4050-B62F-0F95E346BB0D}.Release|Mixed Platforms.Deploy.0 = Release|x86
		{B867C358-AFF9-4050-B62F-0F95E346BB0D}.Release|Win32.ActiveCfg = Release|x86
		{B867C358-AFF9-4050-B62F-0F95E346BB0D}.Release|Win32.Build.0 = Release|x86
		{B867C358-AFF9-4050-B62F-0F95E346BB0D}.Release|Win32.Deploy.0 = Release|x86
		{B867C358-AFF9-4050-B62F-0F95E346BB0D}.Release|x64.ActiveCfg = Release|x64
		{B867C358-AFF9-4050-B62F-0F95E346BB0D}.Release|x64.Build.0 = Release|x64
		{B867C358-AFF9-4050-B62F-0F95E346BB0D}.Release|x64.Deploy.0 = Release|x64
		{B867C358-AFF9-4050-B62F-0F95E346BB0D}.Release|x86.ActiveCfg = Release|x86
		{B867C358-AFF9-4050-B62F-0F95E346BB0D}.Release|x86.Build.0 = Release|x86
		{B867C358-AFF9-4050-B62F-0F95E346BB0D}.Release|x86.Deploy.0 = Release|x86
		{CDC0ACCC-6B30-4B91-9839-9CBFE901261E}.Debug|Any CPU.ActiveCfg = Debug|Win32
		{CDC0ACCC-6B30-4B91-9839-9CBFE901261E}.Debug|ARM.ActiveCfg = Debug|ARM
		{CDC0ACCC-6B30-4B91-9839-9CBFE901261E}.Debug|ARM.Build.0 = Debug|ARM
		{CDC0ACCC-6B30-4B91-9839-9CBFE901261E}.Debug|ARM.Deploy.0 = Debug|ARM
		{CDC0ACCC-6B30-4B91-9839-9CBFE901261E}.Debug|Mixed Platforms.ActiveCfg = Debug|Win32
		{CDC0ACCC-6B30-4B91-9839-9CBFE901261E}.Debug|Mixed Platforms.Build.0 = Debug|Win32
		{CDC0ACCC-6B30-4B91-9839-9CBFE901261E}.Debug|Mixed Platforms.Deploy.0 = Debug|Win32
		{CDC0ACCC-6B30-4B91-9839-9CBFE901261E}.Debug|Win32.ActiveCfg = Debug|Win32
		{CDC0ACCC-6B30-4B91-9839-9CBFE901261E}.Debug|Win32.Build.0 = Debug|Win32
		{CDC0ACCC-6B30-4B91-9839-9CBFE901261E}.Debug|Win32.Deploy.0 = Debug|Win32
		{CDC0ACCC-6B30-4B91-9839-9CBFE901261E}.Debug|x64.ActiveCfg = Debug|x64
		{CDC0ACCC-6B30-4B91-9839-9CBFE901261E}.Debug|x64.Build.0 = Debug|x64
		{CDC0ACCC-6B30-4B91-9839-9CBFE901261E}.Debug|x64.Deploy.0 = Debug|x64
		{CDC0ACCC-6B30-4B91-9839-9CBFE901261E}.Debug|x86.ActiveCfg = Debug|Win32
		{CDC0ACCC-6B30-4B91-9839-9CBFE901261E}.Debug|x86.Build.0 = Debug|Win32
		{CDC0ACCC-6B30-4B91-9839-9CBFE901261E}.Debug|x86.Deploy.0 = Debug|Win32
		{CDC0ACCC-6B30-4B91-9839-9CBFE901261E}.Release|Any CPU.ActiveCfg = Release|Win32
		{CDC0ACCC-6B30-4B91-9839-9CBFE901261E}.Release|ARM.ActiveCfg = Release|ARM
		{CDC0ACCC-6B30-4B91-9839-9CBFE901261E}.Release|ARM.Build.0 = Release|ARM
		{CDC0ACCC-6B30-4B91-9839-9CBFE901261E}.Release|ARM.Deploy.0 = Release|ARM
		{CDC0ACCC-6B30-4B91-9839-9CBFE901261E}.Release|Mixed Platforms.ActiveCfg = Release|Win32
		{CDC0ACCC-6B30-4B91-9839-9CBFE901261E}.Release|Mixed Platforms.Build.0 = Release|Win32
		{CDC0ACCC-6B30-4B91-9839-9CBFE901261E}.Release|Mixed Platforms.Deploy.0 = Release|Win32
		{CDC0ACCC-6B30-4B91-9839-9CBFE901261E}.Release|Win32.ActiveCfg = Release|Win32
		{CDC0ACCC-6B30-4B91-9839-9CBFE901261E}.Release|Win32.Build.0 = Release|Win32
		{CDC0ACCC-6B30-4B91-9839-9CBFE901261E}.Release|Win32.Deploy.0 = Release|Win32
		{CDC0ACCC-6B30-4B91-9839-9CBFE901261E}.Release|x64.ActiveCfg = Release|x64
		{CDC0ACCC-6B30-4B91-9839-9CBFE901261E}.Release|x64.Build.0 = Release|x64
		{CDC0ACCC-6B30-4B91-9839-9CBFE901261E}.Release|x64.Deploy.0 = Release|x64
		{CDC0ACCC-6B30-4B91-9839-9CBFE901261E}.Release|x86.ActiveCfg = Release|Win32
		{CDC0ACCC-6B30-4B91-9839-9CBFE901261E}.Release|x86.Build.0 = Release|Win32
		{CDC0ACCC-6B30-4B91-9839-9CBFE901261E}.Release|x86.Deploy.0 = Release|Win32
		{179CD86F-0E80-4AF1-AC20-28349DD1157C}.Debug|Any CPU.ActiveCfg = Debug|Win32
		{179CD86F-0E80-4AF1-AC20-28349DD1157C}.Debug|ARM.ActiveCfg = Debug|ARM
		{179CD86F-0E80-4AF1-AC20-28349DD1157C}.Debug|ARM.Build.0 = Debug|ARM
		{179CD86F-0E80-4AF1-AC20-28349DD1157C}.Debug|ARM.Deploy.0 = Debug|ARM
		{179CD86F-0E80-4AF1-AC20-28349DD1157C}.Debug|Mixed Platforms.ActiveCfg = Debug|Win32
		{179CD86F-0E80-4AF1-AC20-28349DD1157C}.Debug|Mixed Platforms.Build.0 = Debug|Win32
		{179CD86F-0E80-4AF1-AC20-28349DD1157C}.Debug|Mixed Platforms.Deploy.0 = Debug|Win32
		{179CD86F-0E80-4AF1-AC20-28349DD1157C}.Debug|Win32.ActiveCfg = Debug|Win32
		{179CD86F-0E80-4AF1-AC20-28349DD1157C}.Debug|Win32.Build.0 = Debug|Win32
		{179CD86F-0E80-4AF1-AC20-28349DD1157C}.Debug|Win32.Deploy.0 = Debug|Win32
		{179CD86F-0E80-4AF1-AC20-28349DD1157C}.Debug|x64.ActiveCfg = Debug|x64
		{179CD86F-0E80-4AF1-AC20-28349DD1157C}.Debug|x64.Build.0 = Debug|x64
		{179CD86F-0E80-4AF1-AC20-28349DD1157C}.Debug|x64.Deploy.0 = Debug|x64
		{179CD86F-0E80-4AF1-AC20-28349DD1157C}.Debug|x86.ActiveCfg = Debug|Win32
		{179CD86F-0E80-4AF1-AC20-28349DD1157C}.Debug|x86.Build.0 = Debug|Win32
		{179CD86F-0E80-4AF1-AC20-28349DD1157C}.Debug|x86.Deploy.0 = Debug|Win32
		{179CD86F-0E80-4AF1-AC20-28349DD1157C}.Release|Any CPU.ActiveCfg = Release|Win32
		{179CD86F-0E80-4AF1-AC20-28349DD1157C}.Release|ARM.ActiveCfg = Release|ARM
		{179CD86F-0E80-4AF1-AC20-28349DD1157C}.Release|ARM.Build.0 = Release|ARM
		{179CD86F-0E80-4AF1-AC20-28349DD1157C}.Release|ARM.Deploy.0 = Release|ARM
		{179CD86F-0E80-4AF1-AC20-28349DD1157C}.Release|Mixed Platforms.ActiveCfg = Release|Win32
		{179CD86F-0E80-4AF1-AC20-28349DD1157C}.Release|Mixed Platforms.Build.0 = Release|Win32
		{179CD86F-0E80-4AF1-AC20-28349DD1157C}.Release|Mixed Platforms.Deploy.0 = Release|Win32
		{179CD86F-0E80-4AF1-AC20-28349DD1157C}.Release|Win32.ActiveCfg = Release|Win32
		{179CD86F-0E80-4AF1-AC20-28349DD1157C}.Release|Win32.Build.0 = Release|Win32
		{179CD86F-0E80-4AF1-AC20-28349DD1157C}.Release|Win32.Deploy.0 = Release|Win32
		{179CD86F-0E80-4AF1-AC20-28349DD1157C}.Release|x64.ActiveCfg = Release|x64
		{179CD86F-0E80-4AF1-AC20-28349DD1157C}.Release|x64.Build.0 = Release|x64
		{179CD86F-0E80-4AF1-AC20-28349DD1157C}.Release|x64.Deploy.0 = Release|x64
		{179CD86F-0E80-4AF1-AC20-28349DD1157C}.Release|x86.ActiveCfg = Release|Win32
		{179CD86F-0E80-4AF1-AC20-28349DD1157C}.Release|x86.Build.0 = Release|Win32
		{179CD86F-0E80-4AF1-AC20-28349DD1157C}.Release|x86.Deploy.0 = Release|Win32
		{A1BBA9C1-EC32-49B1-B10A-DD24E4F35393}.Debug|Any CPU.ActiveCfg = Debug|Win32
		{A1BBA9C1-EC32-49B1-B10A-DD24E4F35393}.Debug|ARM.ActiveCfg = Debug|ARM
		{A1BBA9C1-EC32-49B1-B10A-DD24E4F35393}.Debug|ARM.Build.0 = Debug|ARM
		{A1BBA9C1-EC32-49B1-B10A-DD24E4F35393}.Debug|ARM.Deploy.0 = Debug|ARM
		{A1BBA9C1-EC32-49B1-B10A-DD24E4F35393}.Debug|Mixed Platforms.ActiveCfg = Debug|Win32
		{A1BBA9C1-EC32-49B1-B10A-DD24E4F35393}.Debug|Mixed Platforms.Build.0 = Debug|Win32
		{A1BBA9C1-EC32-49B1-B10A-DD24E4F35393}.Debug|Mixed Platforms.Deploy.0 = Debug|Win32
		{A1BBA9C1-EC32-49B1-B10A-DD24E4F35393}.Debug|Win32.ActiveCfg = Debug|Win32
		{A1BBA9C1-EC32-49B1-B10A-DD24E4F35393}.Debug|Win32.Build.0 = Debug|Win32
		{A1BBA9C1-EC32-49B1-B10A-DD24E4F35393}.Debug|Win32.Deploy.0 = Debug|Win32
		{A1BBA9C1-EC32-49B1-B10A-DD24E4F35393}.Debug|x64.ActiveCfg = Debug|x64
		{A1BBA9C1-EC32-49B1-B10A-DD24E4F35393}.Debug|x64.Build.0 = Debug|x64
		{A1BBA9C1-EC32-49B1-B10A-DD24E4F35393}.Debug|x64.Deploy.0 = Debug|x64
		{A1BBA9C1-EC32-49B1-B10A-DD24E4F35393}.Debug|x86.ActiveCfg = Debug|Win32
		{A1BBA9C1-EC32-49B1-B10A-DD24E4F35393}.Debug|x86.Build.0 = Debug|Win32
		{A1BBA9C1-EC32-49B1-B10A-DD24E4F35393}.Debug|x86.Deploy.0 = Debug|Win32
		{A1BBA9C1-EC32-49B1-B10A-DD24E4F35393}.Release|Any CPU.ActiveCfg = Release|Win32
		{A1BBA9C1-EC32-49B1-B10A-DD24E4F35393}.Release|ARM.ActiveCfg = Release|ARM
		{A1BBA9C1-EC32-49B1-B10A-DD24E4F35393}.Release|ARM.Build.0 = Release|ARM
		{A1BBA9C1-EC32-49B1-B10A-DD24E4F35393}.Release|ARM.Deploy.0 = Release|ARM
		{A1BBA9C1-EC32-49B1-B10A-DD24E4F35393}.Release|Mixed Platforms.ActiveCfg = Release|Win32
		{A1BBA9C1-EC32-49B1-B10A-DD24E4F35393}.Release|Mixed Platforms.Build.0 = Release|Win32
		{A1BBA9C1-EC32-49B1-B10A-DD24E4F35393}.Release|Mixed Platforms.Deploy.0 = Release|Win32
		{A1BBA9C1-EC32-49B1-B10A-DD24E4F35393}.Release|Win32.ActiveCfg = Release|Win32
		{A1BBA9C1-EC32-49B1-B10A-DD24E4F35393}.Release|Win32.Build.0 = Release|Win32
		{A1BBA9C1-EC32-49B1-B10A-DD24E4F35393}.Release|Win32.Deploy.0 = Release|Win32
		{A1BBA9C1-EC32-49B1-B10A-DD24E4F35393}.Release|x64.ActiveCfg = Release|x64
		{A1BBA9C1-EC32-49B1-B10A-DD24E4F35393}.Release|x64.Build.0 = Release|x64
		{A1BBA9C1-EC32-49B1-B10A-DD24E4F35393}.Release|x64.Deploy.0 = Release|x64
		{A1BBA9C1-EC32-49B1-B10A-DD24E4F35393}.Release|x86.ActiveCfg = Release|Win32
		{A1BBA9C1-EC32-49B1-B10A-DD24E4F35393}.Release|x86.Build.0 = Release|Win32
		{A1BBA9C1-EC32-49B1-B10A-DD24E4F35393}.Release|x86.Deploy.0 = Release|Win32
	EndGlobalSection
	GlobalSection(SolutionProperties) = preSolution
		HideSolutionNode = FALSE
	EndGlobalSection
EndGlobal
